
Microsoft Visual Studio Solution File, Format Version 12.00
# Visual Studio Version 16
VisualStudioVersion = 16.0.31729.503
MinimumVisualStudioVersion = 10.0.40219.1
Project("{9A19103F-16F7-4668-BE54-9A1E7A4F7556}") = "AcademikaBackend", "AcademikaBackend\AcademikaBackend.csproj", "{D59F85C6-ABE7-47B9-A1BA-BA00A2BD755C}"
EndProject
Project("{9A19103F-16F7-4668-BE54-9A1E7A4F7556}") = "AcademikaWebAPI", "AcademikaWebAPI\AcademikaWebAPI.csproj", "{285F20E6-4D0B-4ACD-B6B4-464210D8B3A9}"
EndProject
Project("{9A19103F-16F7-4668-BE54-9A1E7A4F7556}") = "AcademikaFront", "AcademikaFront\AcademikaFront.csproj", "{92294378-DDAB-4B22-83D4-742B456493EF}"
EndProject
Global
	GlobalSection(SolutionConfigurationPlatforms) = preSolution
		Debug|Any CPU = Debug|Any CPU
		Release|Any CPU = Release|Any CPU
	EndGlobalSection
	GlobalSection(ProjectConfigurationPlatforms) = postSolution
		{D59F85C6-ABE7-47B9-A1BA-BA00A2BD755C}.Debug|Any CPU.ActiveCfg = Debug|Any CPU
		{D59F85C6-ABE7-47B9-A1BA-BA00A2BD755C}.Debug|Any CPU.Build.0 = Debug|Any CPU
		{D59F85C6-ABE7-47B9-A1BA-BA00A2BD755C}.Release|Any CPU.ActiveCfg = Release|Any CPU
		{D59F85C6-ABE7-47B9-A1BA-BA00A2BD755C}.Release|Any CPU.Build.0 = Release|Any CPU
		{285F20E6-4D0B-4ACD-B6B4-464210D8B3A9}.Debug|Any CPU.ActiveCfg = Debug|Any CPU
		{285F20E6-4D0B-4ACD-B6B4-464210D8B3A9}.Debug|Any CPU.Build.0 = Debug|Any CPU
		{285F20E6-4D0B-4ACD-B6B4-464210D8B3A9}.Release|Any CPU.ActiveCfg = Release|Any CPU
		{285F20E6-4D0B-4ACD-B6B4-464210D8B3A9}.Release|Any CPU.Build.0 = Release|Any CPU
		{92294378-DDAB-4B22-83D4-742B456493EF}.Debug|Any CPU.ActiveCfg = Debug|Any CPU
		{92294378-DDAB-4B22-83D4-742B456493EF}.Debug|Any CPU.Build.0 = Debug|Any CPU
		{92294378-DDAB-4B22-83D4-742B456493EF}.Release|Any CPU.ActiveCfg = Release|Any CPU
		{92294378-DDAB-4B22-83D4-742B456493EF}.Release|Any CPU.Build.0 = Release|Any CPU
	EndGlobalSection
	GlobalSection(SolutionProperties) = preSolution
		HideSolutionNode = FALSE
	EndGlobalSection
	GlobalSection(ExtensibilityGlobals) = postSolution
		SolutionGuid = {509408B9-07AF-4BC9-B713-A0E148058F22}
	EndGlobalSection
EndGlobal
